
Microsoft Visual Studio Solution File, Format Version 12.00
# Visual Studio 15
Project("{FAE04EC0-301F-11D3-BF4B-00C04F79EFBC}") = "Assembly-CSharp", "Assembly-CSharp.csproj", "{485F6870-51BF-E346-C46B-E2141B2F3911}"
EndProject
Project("{FAE04EC0-301F-11D3-BF4B-00C04F79EFBC}") = "Assembly-CSharp-Editor", "Assembly-CSharp-Editor.csproj", "{B81F60E1-ECAB-3C94-00DD-CF02FBD968BD}"
EndProject
Global
	GlobalSection(SolutionConfigurationPlatforms) = preSolution
		Debug|Any CPU = Debug|Any CPU
		Release|Any CPU = Release|Any CPU
	EndGlobalSection
	GlobalSection(ProjectConfigurationPlatforms) = postSolution
		{485F6870-51BF-E346-C46B-E2141B2F3911}.Debug|Any CPU.ActiveCfg = Debug|Any CPU
		{485F6870-51BF-E346-C46B-E2141B2F3911}.Debug|Any CPU.Build.0 = Debug|Any CPU
		{485F6870-51BF-E346-C46B-E2141B2F3911}.Release|Any CPU.ActiveCfg = Release|Any CPU
		{485F6870-51BF-E346-C46B-E2141B2F3911}.Release|Any CPU.Build.0 = Release|Any CPU
		{B81F60E1-ECAB-3C94-00DD-CF02FBD968BD}.Debug|Any CPU.ActiveCfg = Debug|Any CPU
		{B81F60E1-ECAB-3C94-00DD-CF02FBD968BD}.Debug|Any CPU.Build.0 = Debug|Any CPU
		{B81F60E1-ECAB-3C94-00DD-CF02FBD968BD}.Release|Any CPU.ActiveCfg = Release|Any CPU
		{B81F60E1-ECAB-3C94-00DD-CF02FBD968BD}.Release|Any CPU.Build.0 = Release|Any CPU
	EndGlobalSection
	GlobalSection(SolutionProperties) = preSolution
		HideSolutionNode = FALSE
	EndGlobalSection
EndGlobal
